
Microsoft Visual Studio Solution File, Format Version 12.00
# Visual Studio 15
VisualStudioVersion = 15.0.28307.1800
MinimumVisualStudioVersion = 10.0.40219.1
Project("{FAE04EC0-301F-11D3-BF4B-00C04F79EFBC}") = "NUnitWebPOM_Demo", "NUnitWebPOM_Demo\NUnitWebPOM_Demo.csproj", "{EC8E272E-79F4-4E22-8F46-CA5F87914CDC}"
EndProject
Global
	GlobalSection(SolutionConfigurationPlatforms) = preSolution
		Debug|Any CPU = Debug|Any CPU
		Release|Any CPU = Release|Any CPU
	EndGlobalSection
	GlobalSection(ProjectConfigurationPlatforms) = postSolution
		{EC8E272E-79F4-4E22-8F46-CA5F87914CDC}.Debug|Any CPU.ActiveCfg = Debug|Any CPU
		{EC8E272E-79F4-4E22-8F46-CA5F87914CDC}.Debug|Any CPU.Build.0 = Debug|Any CPU
		{EC8E272E-79F4-4E22-8F46-CA5F87914CDC}.Release|Any CPU.ActiveCfg = Release|Any CPU
		{EC8E272E-79F4-4E22-8F46-CA5F87914CDC}.Release|Any CPU.Build.0 = Release|Any CPU
	EndGlobalSection
	GlobalSection(SolutionProperties) = preSolution
		HideSolutionNode = FALSE
	EndGlobalSection
	GlobalSection(ExtensibilityGlobals) = postSolution
		SolutionGuid = {0139E306-9BE1-4C60-94CB-212307C13703}
	EndGlobalSection
EndGlobal
